// !$*UTF8*$!
{
	archiveVersion = 1;
	classes = {
	};
	objectVersion = 50;
	objects = {

/* Begin PBXBuildFile section */
		99FE92CB25C403B200B027D7 /* main.swift in Sources */ = {isa = PBXBuildFile; fileRef = 99FE92CA25C403B200B027D7 /* main.swift */; };
		99FE92D525C4047700B027D7 /* LinkedList.swift in Sources */ = {isa = PBXBuildFile; fileRef = 99FE92D425C4047700B027D7 /* LinkedList.swift */; };
		99FE92DF25C40A2D00B027D7 /* LinkedListTest.swift in Sources */ = {isa = PBXBuildFile; fileRef = 99FE92DE25C40A2D00B027D7 /* LinkedListTest.swift */; };
		99FE92E625C40A7200B027D7 /* LinkedList.swift in Sources */ = {isa = PBXBuildFile; fileRef = 99FE92D425C4047700B027D7 /* LinkedList.swift */; };
		99FE92EA25C41A4C00B027D7 /* DoubleLinkedList.swift in Sources */ = {isa = PBXBuildFile; fileRef = 99FE92E925C41A4C00B027D7 /* DoubleLinkedList.swift */; };
		99FE92EE25C41E2E00B027D7 /* DoubleLinkedListTest.swift in Sources */ = {isa = PBXBuildFile; fileRef = 99FE92ED25C41E2E00B027D7 /* DoubleLinkedListTest.swift */; };
		99FE92F125C41E9200B027D7 /* DoubleLinkedList.swift in Sources */ = {isa = PBXBuildFile; fileRef = 99FE92E925C41A4C00B027D7 /* DoubleLinkedList.swift */; };
		99FE92F625C425DC00B027D7 /* Stack.swift in Sources */ = {isa = PBXBuildFile; fileRef = 99FE92F525C425DC00B027D7 /* Stack.swift */; };
		99FE930025C4569D00B027D7 /* StackTest.swift in Sources */ = {isa = PBXBuildFile; fileRef = 99FE92FF25C4569D00B027D7 /* StackTest.swift */; };
		99FE930825C456C000B027D7 /* Stack.swift in Sources */ = {isa = PBXBuildFile; fileRef = 99FE92F525C425DC00B027D7 /* Stack.swift */; };
		99FE930D25C4599D00B027D7 /* Stack2.swift in Sources */ = {isa = PBXBuildFile; fileRef = 99FE930C25C4599D00B027D7 /* Stack2.swift */; };
		99FE931225C45BBA00B027D7 /* Stack2Test.swift in Sources */ = {isa = PBXBuildFile; fileRef = 99FE931125C45BBA00B027D7 /* Stack2Test.swift */; };
		99FE931625C45BF100B027D7 /* Stack2.swift in Sources */ = {isa = PBXBuildFile; fileRef = 99FE930C25C4599D00B027D7 /* Stack2.swift */; };
		99FE931A25C45C3C00B027D7 /* DoubleLinkedList.swift in Sources */ = {isa = PBXBuildFile; fileRef = 99FE92E925C41A4C00B027D7 /* DoubleLinkedList.swift */; };
		99FE932025C45F5700B027D7 /* Queue.swift in Sources */ = {isa = PBXBuildFile; fileRef = 99FE931F25C45F5700B027D7 /* Queue.swift */; };
		99FE932B25C461EB00B027D7 /* QueueTest.swift in Sources */ = {isa = PBXBuildFile; fileRef = 99FE932A25C461EB00B027D7 /* QueueTest.swift */; };
		99FE933425C4620800B027D7 /* Queue.swift in Sources */ = {isa = PBXBuildFile; fileRef = 99FE931F25C45F5700B027D7 /* Queue.swift */; };
		99FE933A25C466D100B027D7 /* Queue2.swift in Sources */ = {isa = PBXBuildFile; fileRef = 99FE933925C466D100B027D7 /* Queue2.swift */; };
		99FE934025C466DB00B027D7 /* Queue3.swift in Sources */ = {isa = PBXBuildFile; fileRef = 99FE933F25C466DB00B027D7 /* Queue3.swift */; };
		99FE934625C469A800B027D7 /* Queue2Test.swift in Sources */ = {isa = PBXBuildFile; fileRef = 99FE934525C469A800B027D7 /* Queue2Test.swift */; };
		99FE934B25C469E000B027D7 /* Queue2.swift in Sources */ = {isa = PBXBuildFile; fileRef = 99FE933925C466D100B027D7 /* Queue2.swift */; };
		99FE935025C469E200B027D7 /* Queue3.swift in Sources */ = {isa = PBXBuildFile; fileRef = 99FE933F25C466DB00B027D7 /* Queue3.swift */; };
		99FE935525C46A5F00B027D7 /* DoubleLinkedList.swift in Sources */ = {isa = PBXBuildFile; fileRef = 99FE92E925C41A4C00B027D7 /* DoubleLinkedList.swift */; };
		99FE935B25C46ADB00B027D7 /* Queue3Test.swift in Sources */ = {isa = PBXBuildFile; fileRef = 99FE935A25C46ADB00B027D7 /* Queue3Test.swift */; };
/* End PBXBuildFile section */

/* Begin PBXCopyFilesBuildPhase section */
		99FE92C525C403B200B027D7 /* CopyFiles */ = {
			isa = PBXCopyFilesBuildPhase;
			buildActionMask = 2147483647;
			dstPath = /usr/share/man/man1/;
			dstSubfolderSpec = 0;
			files = (
			);
			runOnlyForDeploymentPostprocessing = 1;
		};
/* End PBXCopyFilesBuildPhase section */

/* Begin PBXFileReference section */
		99FE92C725C403B200B027D7 /* SwiftDataStructure */ = {isa = PBXFileReference; explicitFileType = "compiled.mach-o.executable"; includeInIndex = 0; path = SwiftDataStructure; sourceTree = BUILT_PRODUCTS_DIR; };
		99FE92CA25C403B200B027D7 /* main.swift */ = {isa = PBXFileReference; lastKnownFileType = sourcecode.swift; path = main.swift; sourceTree = "<group>"; };
		99FE92D425C4047700B027D7 /* LinkedList.swift */ = {isa = PBXFileReference; lastKnownFileType = sourcecode.swift; path = LinkedList.swift; sourceTree = "<group>"; };
		99FE92DC25C40A2D00B027D7 /* LinkedListTest.xctest */ = {isa = PBXFileReference; explicitFileType = wrapper.cfbundle; includeInIndex = 0; path = LinkedListTest.xctest; sourceTree = BUILT_PRODUCTS_DIR; };
		99FE92DE25C40A2D00B027D7 /* LinkedListTest.swift */ = {isa = PBXFileReference; lastKnownFileType = sourcecode.swift; path = LinkedListTest.swift; sourceTree = "<group>"; };
		99FE92E025C40A2D00B027D7 /* Info.plist */ = {isa = PBXFileReference; lastKnownFileType = text.plist.xml; path = Info.plist; sourceTree = "<group>"; };
		99FE92E925C41A4C00B027D7 /* DoubleLinkedList.swift */ = {isa = PBXFileReference; lastKnownFileType = sourcecode.swift; path = DoubleLinkedList.swift; sourceTree = "<group>"; };
		99FE92ED25C41E2E00B027D7 /* DoubleLinkedListTest.swift */ = {isa = PBXFileReference; lastKnownFileType = sourcecode.swift; path = DoubleLinkedListTest.swift; sourceTree = "<group>"; };
		99FE92F525C425DC00B027D7 /* Stack.swift */ = {isa = PBXFileReference; lastKnownFileType = sourcecode.swift; path = Stack.swift; sourceTree = "<group>"; };
		99FE92FD25C4569D00B027D7 /* StackTest.xctest */ = {isa = PBXFileReference; explicitFileType = wrapper.cfbundle; includeInIndex = 0; path = StackTest.xctest; sourceTree = BUILT_PRODUCTS_DIR; };
		99FE92FF25C4569D00B027D7 /* StackTest.swift */ = {isa = PBXFileReference; lastKnownFileType = sourcecode.swift; path = StackTest.swift; sourceTree = "<group>"; };
		99FE930125C4569D00B027D7 /* Info.plist */ = {isa = PBXFileReference; lastKnownFileType = text.plist.xml; path = Info.plist; sourceTree = "<group>"; };
		99FE930C25C4599D00B027D7 /* Stack2.swift */ = {isa = PBXFileReference; lastKnownFileType = sourcecode.swift; path = Stack2.swift; sourceTree = "<group>"; };
		99FE931125C45BBA00B027D7 /* Stack2Test.swift */ = {isa = PBXFileReference; lastKnownFileType = sourcecode.swift; path = Stack2Test.swift; sourceTree = "<group>"; };
		99FE931F25C45F5700B027D7 /* Queue.swift */ = {isa = PBXFileReference; lastKnownFileType = sourcecode.swift; path = Queue.swift; sourceTree = "<group>"; };
		99FE932825C461EB00B027D7 /* QueueTest.xctest */ = {isa = PBXFileReference; explicitFileType = wrapper.cfbundle; includeInIndex = 0; path = QueueTest.xctest; sourceTree = BUILT_PRODUCTS_DIR; };
		99FE932A25C461EB00B027D7 /* QueueTest.swift */ = {isa = PBXFileReference; lastKnownFileType = sourcecode.swift; path = QueueTest.swift; sourceTree = "<group>"; };
		99FE932C25C461EB00B027D7 /* Info.plist */ = {isa = PBXFileReference; lastKnownFileType = text.plist.xml; path = Info.plist; sourceTree = "<group>"; };
		99FE933925C466D100B027D7 /* Queue2.swift */ = {isa = PBXFileReference; lastKnownFileType = sourcecode.swift; path = Queue2.swift; sourceTree = "<group>"; };
		99FE933F25C466DB00B027D7 /* Queue3.swift */ = {isa = PBXFileReference; lastKnownFileType = sourcecode.swift; path = Queue3.swift; sourceTree = "<group>"; };
		99FE934525C469A800B027D7 /* Queue2Test.swift */ = {isa = PBXFileReference; lastKnownFileType = sourcecode.swift; path = Queue2Test.swift; sourceTree = "<group>"; };
		99FE935A25C46ADB00B027D7 /* Queue3Test.swift */ = {isa = PBXFileReference; lastKnownFileType = sourcecode.swift; path = Queue3Test.swift; sourceTree = "<group>"; };
/* End PBXFileReference section */

/* Begin PBXFrameworksBuildPhase section */
		99FE92C425C403B200B027D7 /* Frameworks */ = {
			isa = PBXFrameworksBuildPhase;
			buildActionMask = 2147483647;
			files = (
			);
			runOnlyForDeploymentPostprocessing = 0;
		};
		99FE92D925C40A2D00B027D7 /* Frameworks */ = {
			isa = PBXFrameworksBuildPhase;
			buildActionMask = 2147483647;
			files = (
			);
			runOnlyForDeploymentPostprocessing = 0;
		};
		99FE92FA25C4569C00B027D7 /* Frameworks */ = {
			isa = PBXFrameworksBuildPhase;
			buildActionMask = 2147483647;
			files = (
			);
			runOnlyForDeploymentPostprocessing = 0;
		};
		99FE932525C461EB00B027D7 /* Frameworks */ = {
			isa = PBXFrameworksBuildPhase;
			buildActionMask = 2147483647;
			files = (
			);
			runOnlyForDeploymentPostprocessing = 0;
		};
/* End PBXFrameworksBuildPhase section */

/* Begin PBXGroup section */
		99FE92BE25C403B100B027D7 = {
			isa = PBXGroup;
			children = (
				99FE92C925C403B200B027D7 /* SwiftDataStructure */,
				99FE92DD25C40A2D00B027D7 /* LinkedListTest */,
				99FE92FE25C4569D00B027D7 /* StackTest */,
				99FE932925C461EB00B027D7 /* QueueTest */,
				99FE92C825C403B200B027D7 /* Products */,
			);
			sourceTree = "<group>";
		};
		99FE92C825C403B200B027D7 /* Products */ = {
			isa = PBXGroup;
			children = (
				99FE92C725C403B200B027D7 /* SwiftDataStructure */,
				99FE92DC25C40A2D00B027D7 /* LinkedListTest.xctest */,
				99FE92FD25C4569D00B027D7 /* StackTest.xctest */,
				99FE932825C461EB00B027D7 /* QueueTest.xctest */,
			);
			name = Products;
			sourceTree = "<group>";
		};
		99FE92C925C403B200B027D7 /* SwiftDataStructure */ = {
			isa = PBXGroup;
			children = (
				99FE92F425C425D200B027D7 /* Stack */,
				99FE931E25C45F4900B027D7 /* Queue */,
				99FE92D325C4046200B027D7 /* LinkedList */,
				99FE92CA25C403B200B027D7 /* main.swift */,
			);
			path = SwiftDataStructure;
			sourceTree = "<group>";
		};
		99FE92D325C4046200B027D7 /* LinkedList */ = {
			isa = PBXGroup;
			children = (
				99FE92D425C4047700B027D7 /* LinkedList.swift */,
				99FE92E925C41A4C00B027D7 /* DoubleLinkedList.swift */,
			);
			path = LinkedList;
			sourceTree = "<group>";
		};
		99FE92DD25C40A2D00B027D7 /* LinkedListTest */ = {
			isa = PBXGroup;
			children = (
				99FE92DE25C40A2D00B027D7 /* LinkedListTest.swift */,
				99FE92ED25C41E2E00B027D7 /* DoubleLinkedListTest.swift */,
				99FE92E025C40A2D00B027D7 /* Info.plist */,
			);
			path = LinkedListTest;
			sourceTree = "<group>";
		};
		99FE92F425C425D200B027D7 /* Stack */ = {
			isa = PBXGroup;
			children = (
				99FE92F525C425DC00B027D7 /* Stack.swift */,
				99FE930C25C4599D00B027D7 /* Stack2.swift */,
			);
			path = Stack;
			sourceTree = "<group>";
		};
		99FE92FE25C4569D00B027D7 /* StackTest */ = {
			isa = PBXGroup;
			children = (
				99FE92FF25C4569D00B027D7 /* StackTest.swift */,
				99FE931125C45BBA00B027D7 /* Stack2Test.swift */,
				99FE930125C4569D00B027D7 /* Info.plist */,
			);
			path = StackTest;
			sourceTree = "<group>";
		};
		99FE931E25C45F4900B027D7 /* Queue */ = {
			isa = PBXGroup;
			children = (
				99FE931F25C45F5700B027D7 /* Queue.swift */,
				99FE933925C466D100B027D7 /* Queue2.swift */,
				99FE933F25C466DB00B027D7 /* Queue3.swift */,
			);
			path = Queue;
			sourceTree = "<group>";
		};
		99FE932925C461EB00B027D7 /* QueueTest */ = {
			isa = PBXGroup;
			children = (
				99FE932A25C461EB00B027D7 /* QueueTest.swift */,
				99FE934525C469A800B027D7 /* Queue2Test.swift */,
				99FE935A25C46ADB00B027D7 /* Queue3Test.swift */,
				99FE932C25C461EB00B027D7 /* Info.plist */,
			);
			path = QueueTest;
			sourceTree = "<group>";
		};
/* End PBXGroup section */

/* Begin PBXNativeTarget section */
		99FE92C625C403B200B027D7 /* SwiftDataStructure */ = {
			isa = PBXNativeTarget;
			buildConfigurationList = 99FE92CE25C403B200B027D7 /* Build configuration list for PBXNativeTarget "SwiftDataStructure" */;
			buildPhases = (
				99FE92C325C403B200B027D7 /* Sources */,
				99FE92C425C403B200B027D7 /* Frameworks */,
				99FE92C525C403B200B027D7 /* CopyFiles */,
			);
			buildRules = (
			);
			dependencies = (
			);
			name = SwiftDataStructure;
			productName = SwiftDataStructure;
			productReference = 99FE92C725C403B200B027D7 /* SwiftDataStructure */;
			productType = "com.apple.product-type.tool";
		};
		99FE92DB25C40A2D00B027D7 /* LinkedListTest */ = {
			isa = PBXNativeTarget;
			buildConfigurationList = 99FE92E125C40A2D00B027D7 /* Build configuration list for PBXNativeTarget "LinkedListTest" */;
			buildPhases = (
				99FE92D825C40A2D00B027D7 /* Sources */,
				99FE92D925C40A2D00B027D7 /* Frameworks */,
				99FE92DA25C40A2D00B027D7 /* Resources */,
			);
			buildRules = (
			);
			dependencies = (
			);
			name = LinkedListTest;
			productName = LinkedListTest;
			productReference = 99FE92DC25C40A2D00B027D7 /* LinkedListTest.xctest */;
			productType = "com.apple.product-type.bundle.unit-test";
		};
		99FE92FC25C4569D00B027D7 /* StackTest */ = {
			isa = PBXNativeTarget;
			buildConfigurationList = 99FE930225C4569D00B027D7 /* Build configuration list for PBXNativeTarget "StackTest" */;
			buildPhases = (
				99FE92F925C4569C00B027D7 /* Sources */,
				99FE92FA25C4569C00B027D7 /* Frameworks */,
				99FE92FB25C4569D00B027D7 /* Resources */,
			);
			buildRules = (
			);
			dependencies = (
			);
			name = StackTest;
			productName = StackTest;
			productReference = 99FE92FD25C4569D00B027D7 /* StackTest.xctest */;
			productType = "com.apple.product-type.bundle.unit-test";
		};
		99FE932725C461EB00B027D7 /* QueueTest */ = {
			isa = PBXNativeTarget;
			buildConfigurationList = 99FE932D25C461EB00B027D7 /* Build configuration list for PBXNativeTarget "QueueTest" */;
			buildPhases = (
				99FE932425C461EB00B027D7 /* Sources */,
				99FE932525C461EB00B027D7 /* Frameworks */,
				99FE932625C461EB00B027D7 /* Resources */,
			);
			buildRules = (
			);
			dependencies = (
			);
			name = QueueTest;
			productName = QueueTest;
			productReference = 99FE932825C461EB00B027D7 /* QueueTest.xctest */;
			productType = "com.apple.product-type.bundle.unit-test";
		};
/* End PBXNativeTarget section */

/* Begin PBXProject section */
		99FE92BF25C403B100B027D7 /* Project object */ = {
			isa = PBXProject;
			attributes = {
				LastSwiftUpdateCheck = 1220;
				LastUpgradeCheck = 1220;
				TargetAttributes = {
					99FE92C625C403B200B027D7 = {
						CreatedOnToolsVersion = 12.2;
					};
					99FE92DB25C40A2D00B027D7 = {
						CreatedOnToolsVersion = 12.2;
					};
					99FE92FC25C4569D00B027D7 = {
						CreatedOnToolsVersion = 12.2;
					};
					99FE932725C461EB00B027D7 = {
						CreatedOnToolsVersion = 12.2;
					};
				};
			};
			buildConfigurationList = 99FE92C225C403B100B027D7 /* Build configuration list for PBXProject "SwiftDataStructure" */;
			compatibilityVersion = "Xcode 9.3";
			developmentRegion = en;
			hasScannedForEncodings = 0;
			knownRegions = (
				en,
				Base,
			);
			mainGroup = 99FE92BE25C403B100B027D7;
			productRefGroup = 99FE92C825C403B200B027D7 /* Products */;
			projectDirPath = "";
			projectRoot = "";
			targets = (
				99FE92C625C403B200B027D7 /* SwiftDataStructure */,
				99FE92DB25C40A2D00B027D7 /* LinkedListTest */,
				99FE92FC25C4569D00B027D7 /* StackTest */,
				99FE932725C461EB00B027D7 /* QueueTest */,
			);
		};
/* End PBXProject section */

/* Begin PBXResourcesBuildPhase section */
		99FE92DA25C40A2D00B027D7 /* Resources */ = {
			isa = PBXResourcesBuildPhase;
			buildActionMask = 2147483647;
			files = (
			);
			runOnlyForDeploymentPostprocessing = 0;
		};
		99FE92FB25C4569D00B027D7 /* Resources */ = {
			isa = PBXResourcesBuildPhase;
			buildActionMask = 2147483647;
			files = (
			);
			runOnlyForDeploymentPostprocessing = 0;
		};
		99FE932625C461EB00B027D7 /* Resources */ = {
			isa = PBXResourcesBuildPhase;
			buildActionMask = 2147483647;
			files = (
			);
			runOnlyForDeploymentPostprocessing = 0;
		};
/* End PBXResourcesBuildPhase section */

/* Begin PBXSourcesBuildPhase section */
		99FE92C325C403B200B027D7 /* Sources */ = {
			isa = PBXSourcesBuildPhase;
			buildActionMask = 2147483647;
			files = (
				99FE930D25C4599D00B027D7 /* Stack2.swift in Sources */,
				99FE932025C45F5700B027D7 /* Queue.swift in Sources */,
				99FE92F625C425DC00B027D7 /* Stack.swift in Sources */,
				99FE933A25C466D100B027D7 /* Queue2.swift in Sources */,
				99FE92D525C4047700B027D7 /* LinkedList.swift in Sources */,
				99FE92EA25C41A4C00B027D7 /* DoubleLinkedList.swift in Sources */,
				99FE92CB25C403B200B027D7 /* main.swift in Sources */,
				99FE934025C466DB00B027D7 /* Queue3.swift in Sources */,
			);
			runOnlyForDeploymentPostprocessing = 0;
		};
		99FE92D825C40A2D00B027D7 /* Sources */ = {
			isa = PBXSourcesBuildPhase;
			buildActionMask = 2147483647;
			files = (
				99FE92EE25C41E2E00B027D7 /* DoubleLinkedListTest.swift in Sources */,
				99FE92E625C40A7200B027D7 /* LinkedList.swift in Sources */,
				99FE92DF25C40A2D00B027D7 /* LinkedListTest.swift in Sources */,
				99FE92F125C41E9200B027D7 /* DoubleLinkedList.swift in Sources */,
			);
			runOnlyForDeploymentPostprocessing = 0;
		};
		99FE92F925C4569C00B027D7 /* Sources */ = {
			isa = PBXSourcesBuildPhase;
			buildActionMask = 2147483647;
			files = (
				99FE931A25C45C3C00B027D7 /* DoubleLinkedList.swift in Sources */,
				99FE930825C456C000B027D7 /* Stack.swift in Sources */,
				99FE930025C4569D00B027D7 /* StackTest.swift in Sources */,
				99FE931225C45BBA00B027D7 /* Stack2Test.swift in Sources */,
				99FE931625C45BF100B027D7 /* Stack2.swift in Sources */,
			);
			runOnlyForDeploymentPostprocessing = 0;
		};
		99FE932425C461EB00B027D7 /* Sources */ = {
			isa = PBXSourcesBuildPhase;
			buildActionMask = 2147483647;
			files = (
				99FE934625C469A800B027D7 /* Queue2Test.swift in Sources */,
				99FE935525C46A5F00B027D7 /* DoubleLinkedList.swift in Sources */,
				99FE935B25C46ADB00B027D7 /* Queue3Test.swift in Sources */,
				99FE932B25C461EB00B027D7 /* QueueTest.swift in Sources */,
				99FE935025C469E200B027D7 /* Queue3.swift in Sources */,
				99FE934B25C469E000B027D7 /* Queue2.swift in Sources */,
				99FE933425C4620800B027D7 /* Queue.swift in Sources */,
			);
			runOnlyForDeploymentPostprocessing = 0;
		};
/* End PBXSourcesBuildPhase section */

/* Begin XCBuildConfiguration section */
		99FE92CC25C403B200B027D7 /* Debug */ = {
			isa = XCBuildConfiguration;
			buildSettings = {
				ALWAYS_SEARCH_USER_PATHS = NO;
				CLANG_ANALYZER_NONNULL = YES;
				CLANG_ANALYZER_NUMBER_OBJECT_CONVERSION = YES_AGGRESSIVE;
				CLANG_CXX_LANGUAGE_STANDARD = "gnu++14";
				CLANG_CXX_LIBRARY = "libc++";
				CLANG_ENABLE_MODULES = YES;
				CLANG_ENABLE_OBJC_ARC = YES;
				CLANG_ENABLE_OBJC_WEAK = YES;
				CLANG_WARN_BLOCK_CAPTURE_AUTORELEASING = YES;
				CLANG_WARN_BOOL_CONVERSION = YES;
				CLANG_WARN_COMMA = YES;
				CLANG_WARN_CONSTANT_CONVERSION = YES;
				CLANG_WARN_DEPRECATED_OBJC_IMPLEMENTATIONS = YES;
				CLANG_WARN_DIRECT_OBJC_ISA_USAGE = YES_ERROR;
				CLANG_WARN_DOCUMENTATION_COMMENTS = YES;
				CLANG_WARN_EMPTY_BODY = YES;
				CLANG_WARN_ENUM_CONVERSION = YES;
				CLANG_WARN_INFINITE_RECURSION = YES;
				CLANG_WARN_INT_CONVERSION = YES;
				CLANG_WARN_NON_LITERAL_NULL_CONVERSION = YES;
				CLANG_WARN_OBJC_IMPLICIT_RETAIN_SELF = YES;
				CLANG_WARN_OBJC_LITERAL_CONVERSION = YES;
				CLANG_WARN_OBJC_ROOT_CLASS = YES_ERROR;
				CLANG_WARN_QUOTED_INCLUDE_IN_FRAMEWORK_HEADER = YES;
				CLANG_WARN_RANGE_LOOP_ANALYSIS = YES;
				CLANG_WARN_STRICT_PROTOTYPES = YES;
				CLANG_WARN_SUSPICIOUS_MOVE = YES;
				CLANG_WARN_UNGUARDED_AVAILABILITY = YES_AGGRESSIVE;
				CLANG_WARN_UNREACHABLE_CODE = YES;
				CLANG_WARN__DUPLICATE_METHOD_MATCH = YES;
				COPY_PHASE_STRIP = NO;
				DEBUG_INFORMATION_FORMAT = dwarf;
				ENABLE_STRICT_OBJC_MSGSEND = YES;
				ENABLE_TESTABILITY = YES;
				GCC_C_LANGUAGE_STANDARD = gnu11;
				GCC_DYNAMIC_NO_PIC = NO;
				GCC_NO_COMMON_BLOCKS = YES;
				GCC_OPTIMIZATION_LEVEL = 0;
				GCC_PREPROCESSOR_DEFINITIONS = (
					"DEBUG=1",
					"$(inherited)",
				);
				GCC_WARN_64_TO_32_BIT_CONVERSION = YES;
				GCC_WARN_ABOUT_RETURN_TYPE = YES_ERROR;
				GCC_WARN_UNDECLARED_SELECTOR = YES;
				GCC_WARN_UNINITIALIZED_AUTOS = YES_AGGRESSIVE;
				GCC_WARN_UNUSED_FUNCTION = YES;
				GCC_WARN_UNUSED_VARIABLE = YES;
				MACOSX_DEPLOYMENT_TARGET = 11.0;
				MTL_ENABLE_DEBUG_INFO = INCLUDE_SOURCE;
				MTL_FAST_MATH = YES;
				ONLY_ACTIVE_ARCH = YES;
				SDKROOT = macosx;
				SWIFT_ACTIVE_COMPILATION_CONDITIONS = DEBUG;
				SWIFT_OPTIMIZATION_LEVEL = "-Onone";
			};
			name = Debug;
		};
		99FE92CD25C403B200B027D7 /* Release */ = {
			isa = XCBuildConfiguration;
			buildSettings = {
				ALWAYS_SEARCH_USER_PATHS = NO;
				CLANG_ANALYZER_NONNULL = YES;
				CLANG_ANALYZER_NUMBER_OBJECT_CONVERSION = YES_AGGRESSIVE;
				CLANG_CXX_LANGUAGE_STANDARD = "gnu++14";
				CLANG_CXX_LIBRARY = "libc++";
				CLANG_ENABLE_MODULES = YES;
				CLANG_ENABLE_OBJC_ARC = YES;
				CLANG_ENABLE_OBJC_WEAK = YES;
				CLANG_WARN_BLOCK_CAPTURE_AUTORELEASING = YES;
				CLANG_WARN_BOOL_CONVERSION = YES;
				CLANG_WARN_COMMA = YES;
				CLANG_WARN_CONSTANT_CONVERSION = YES;
				CLANG_WARN_DEPRECATED_OBJC_IMPLEMENTATIONS = YES;
				CLANG_WARN_DIRECT_OBJC_ISA_USAGE = YES_ERROR;
				CLANG_WARN_DOCUMENTATION_COMMENTS = YES;
				CLANG_WARN_EMPTY_BODY = YES;
				CLANG_WARN_ENUM_CONVERSION = YES;
				CLANG_WARN_INFINITE_RECURSION = YES;
				CLANG_WARN_INT_CONVERSION = YES;
				CLANG_WARN_NON_LITERAL_NULL_CONVERSION = YES;
				CLANG_WARN_OBJC_IMPLICIT_RETAIN_SELF = YES;
				CLANG_WARN_OBJC_LITERAL_CONVERSION = YES;
				CLANG_WARN_OBJC_ROOT_CLASS = YES_ERROR;
				CLANG_WARN_QUOTED_INCLUDE_IN_FRAMEWORK_HEADER = YES;
				CLANG_WARN_RANGE_LOOP_ANALYSIS = YES;
				CLANG_WARN_STRICT_PROTOTYPES = YES;
				CLANG_WARN_SUSPICIOUS_MOVE = YES;
				CLANG_WARN_UNGUARDED_AVAILABILITY = YES_AGGRESSIVE;
				CLANG_WARN_UNREACHABLE_CODE = YES;
				CLANG_WARN__DUPLICATE_METHOD_MATCH = YES;
				COPY_PHASE_STRIP = NO;
				DEBUG_INFORMATION_FORMAT = "dwarf-with-dsym";
				ENABLE_NS_ASSERTIONS = NO;
				ENABLE_STRICT_OBJC_MSGSEND = YES;
				GCC_C_LANGUAGE_STANDARD = gnu11;
				GCC_NO_COMMON_BLOCKS = YES;
				GCC_WARN_64_TO_32_BIT_CONVERSION = YES;
				GCC_WARN_ABOUT_RETURN_TYPE = YES_ERROR;
				GCC_WARN_UNDECLARED_SELECTOR = YES;
				GCC_WARN_UNINITIALIZED_AUTOS = YES_AGGRESSIVE;
				GCC_WARN_UNUSED_FUNCTION = YES;
				GCC_WARN_UNUSED_VARIABLE = YES;
				MACOSX_DEPLOYMENT_TARGET = 11.0;
				MTL_ENABLE_DEBUG_INFO = NO;
				MTL_FAST_MATH = YES;
				SDKROOT = macosx;
				SWIFT_COMPILATION_MODE = wholemodule;
				SWIFT_OPTIMIZATION_LEVEL = "-O";
			};
			name = Release;
		};
		99FE92CF25C403B200B027D7 /* Debug */ = {
			isa = XCBuildConfiguration;
			buildSettings = {
				CODE_SIGN_STYLE = Automatic;
				DEVELOPMENT_TEAM = 4WL559DRW9;
				ENABLE_HARDENED_RUNTIME = YES;
				PRODUCT_NAME = "$(TARGET_NAME)";
				SWIFT_VERSION = 5.0;
			};
			name = Debug;
		};
		99FE92D025C403B200B027D7 /* Release */ = {
			isa = XCBuildConfiguration;
			buildSettings = {
				CODE_SIGN_STYLE = Automatic;
				DEVELOPMENT_TEAM = 4WL559DRW9;
				ENABLE_HARDENED_RUNTIME = YES;
				PRODUCT_NAME = "$(TARGET_NAME)";
				SWIFT_VERSION = 5.0;
			};
			name = Release;
		};
		99FE92E225C40A2D00B027D7 /* Debug */ = {
			isa = XCBuildConfiguration;
			buildSettings = {
				CODE_SIGN_STYLE = Automatic;
				COMBINE_HIDPI_IMAGES = YES;
				DEVELOPMENT_TEAM = 4WL559DRW9;
				INFOPLIST_FILE = LinkedListTest/Info.plist;
				LD_RUNPATH_SEARCH_PATHS = (
					"$(inherited)",
					"@executable_path/../Frameworks",
					"@loader_path/../Frameworks",
				);
				PRODUCT_BUNDLE_IDENTIFIER = kr.hwi.LinkedListTest;
				PRODUCT_NAME = "$(TARGET_NAME)";
				SWIFT_VERSION = 5.0;
			};
			name = Debug;
		};
		99FE92E325C40A2D00B027D7 /* Release */ = {
			isa = XCBuildConfiguration;
			buildSettings = {
				CODE_SIGN_STYLE = Automatic;
				COMBINE_HIDPI_IMAGES = YES;
				DEVELOPMENT_TEAM = 4WL559DRW9;
				INFOPLIST_FILE = LinkedListTest/Info.plist;
				LD_RUNPATH_SEARCH_PATHS = (
					"$(inherited)",
					"@executable_path/../Frameworks",
					"@loader_path/../Frameworks",
				);
				PRODUCT_BUNDLE_IDENTIFIER = kr.hwi.LinkedListTest;
				PRODUCT_NAME = "$(TARGET_NAME)";
				SWIFT_VERSION = 5.0;
			};
			name = Release;
		};
		99FE930325C4569D00B027D7 /* Debug */ = {
			isa = XCBuildConfiguration;
			buildSettings = {
				CODE_SIGN_STYLE = Automatic;
				COMBINE_HIDPI_IMAGES = YES;
				DEVELOPMENT_TEAM = 4WL559DRW9;
				INFOPLIST_FILE = StackTest/Info.plist;
				LD_RUNPATH_SEARCH_PATHS = (
					"$(inherited)",
					"@executable_path/../Frameworks",
					"@loader_path/../Frameworks",
				);
				PRODUCT_BUNDLE_IDENTIFIER = kr.hwi.StackTest;
				PRODUCT_NAME = "$(TARGET_NAME)";
				SWIFT_VERSION = 5.0;
			};
			name = Debug;
		};
		99FE930425C4569D00B027D7 /* Release */ = {
			isa = XCBuildConfiguration;
			buildSettings = {
				CODE_SIGN_STYLE = Automatic;
				COMBINE_HIDPI_IMAGES = YES;
				DEVELOPMENT_TEAM = 4WL559DRW9;
				INFOPLIST_FILE = StackTest/Info.plist;
				LD_RUNPATH_SEARCH_PATHS = (
					"$(inherited)",
					"@executable_path/../Frameworks",
					"@loader_path/../Frameworks",
				);
				PRODUCT_BUNDLE_IDENTIFIER = kr.hwi.StackTest;
				PRODUCT_NAME = "$(TARGET_NAME)";
				SWIFT_VERSION = 5.0;
			};
			name = Release;
		};
		99FE932E25C461EB00B027D7 /* Debug */ = {
			isa = XCBuildConfiguration;
			buildSettings = {
				CODE_SIGN_STYLE = Automatic;
				COMBINE_HIDPI_IMAGES = YES;
				DEVELOPMENT_TEAM = 4WL559DRW9;
				INFOPLIST_FILE = QueueTest/Info.plist;
				LD_RUNPATH_SEARCH_PATHS = (
					"$(inherited)",
					"@executable_path/../Frameworks",
					"@loader_path/../Frameworks",
				);
				PRODUCT_BUNDLE_IDENTIFIER = kr.hwi.QueueTest;
				PRODUCT_NAME = "$(TARGET_NAME)";
				SWIFT_VERSION = 5.0;
			};
			name = Debug;
		};
		99FE932F25C461EB00B027D7 /* Release */ = {
			isa = XCBuildConfiguration;
			buildSettings = {
				CODE_SIGN_STYLE = Automatic;
				COMBINE_HIDPI_IMAGES = YES;
				DEVELOPMENT_TEAM = 4WL559DRW9;
				INFOPLIST_FILE = QueueTest/Info.plist;
				LD_RUNPATH_SEARCH_PATHS = (
					"$(inherited)",
					"@executable_path/../Frameworks",
					"@loader_path/../Frameworks",
				);
				PRODUCT_BUNDLE_IDENTIFIER = kr.hwi.QueueTest;
				PRODUCT_NAME = "$(TARGET_NAME)";
				SWIFT_VERSION = 5.0;
			};
			name = Release;
		};
/* End XCBuildConfiguration section */

/* Begin XCConfigurationList section */
		99FE92C225C403B100B027D7 /* Build configuration list for PBXProject "SwiftDataStructure" */ = {
			isa = XCConfigurationList;
			buildConfigurations = (
				99FE92CC25C403B200B027D7 /* Debug */,
				99FE92CD25C403B200B027D7 /* Release */,
			);
			defaultConfigurationIsVisible = 0;
			defaultConfigurationName = Release;
		};
		99FE92CE25C403B200B027D7 /* Build configuration list for PBXNativeTarget "SwiftDataStructure" */ = {
			isa = XCConfigurationList;
			buildConfigurations = (
				99FE92CF25C403B200B027D7 /* Debug */,
				99FE92D025C403B200B027D7 /* Release */,
			);
			defaultConfigurationIsVisible = 0;
			defaultConfigurationName = Release;
		};
		99FE92E125C40A2D00B027D7 /* Build configuration list for PBXNativeTarget "LinkedListTest" */ = {
			isa = XCConfigurationList;
			buildConfigurations = (
				99FE92E225C40A2D00B027D7 /* Debug */,
				99FE92E325C40A2D00B027D7 /* Release */,
			);
			defaultConfigurationIsVisible = 0;
			defaultConfigurationName = Release;
		};
		99FE930225C4569D00B027D7 /* Build configuration list for PBXNativeTarget "StackTest" */ = {
			isa = XCConfigurationList;
			buildConfigurations = (
				99FE930325C4569D00B027D7 /* Debug */,
				99FE930425C4569D00B027D7 /* Release */,
			);
			defaultConfigurationIsVisible = 0;
			defaultConfigurationName = Release;
		};
		99FE932D25C461EB00B027D7 /* Build configuration list for PBXNativeTarget "QueueTest" */ = {
			isa = XCConfigurationList;
			buildConfigurations = (
				99FE932E25C461EB00B027D7 /* Debug */,
				99FE932F25C461EB00B027D7 /* Release */,
			);
			defaultConfigurationIsVisible = 0;
			defaultConfigurationName = Release;
		};
/* End XCConfigurationList section */
	};
	rootObject = 99FE92BF25C403B100B027D7 /* Project object */;
}
